{
  "nodes": {
    "amethyst-mod-manager": {
      "inputs": {
        "nixpkgs": [
          "nixpkgs"
        ]
      },
      "locked": {
        "lastModified": 1787423660,
        "narHash": "sha256-y3ZK5Ljq0FVNlLMBMYKQxGa4d0DCbAg5iuYnqoOtb2U=",
        "owner": "RoGreat",
        "repo": "nur-packages",
        "rev": "566b331e5b57f80ff826651831d99df35ecf4e48",
        "type": "github"
      },
      "original": {
        "owner": "RoGreat",
        "repo": "nur-packages",
        "type": "github"
      }
    },
    "fjordlauncher": {
      "inputs": {
        "libnbtplusplus": "libnbtplusplus",
        "nixpkgs": [
          "nixpkgs"
        ]
      },
      "locked": {
        "lastModified": 1785125572,
        "narHash": "sha256-71w3FdjokHV8PJovgcWUIyaXQuwsQLgykkPrxWxkylo=",
        "owner": "unmojang",
        "repo": "FjordLauncher",
        "rev": "feb4392ef26353a6d59adde34995268f3bfcdb5b",
        "type": "github"
      },
      "original": {
        "owner": "unmojang",
        "repo": "FjordLauncher",
        "type": "github"
      }
    },
    "flake-parts": {
      "inputs": {
        "nixpkgs-lib": "nixpkgs-lib"
      },
      "locked": {
        "lastModified": 1787559586,
        "narHash": "sha256-onL0VLf9vPllmT0H/OlURIU5r5t5WIEl7t4tVNKT0Nw=",
        "owner": "hercules-ci",
        "repo": "flake-parts",
        "rev": "9d0d87172c374f89da73c1cfe6d81ae62feac1f1",
        "type": "github"
      },
      "original": {
        "owner": "hercules-ci",
        "repo": "flake-parts",
        "type": "github"
      }
    },
    "freegosy": {
      "inputs": {
        "nixpkgs": [
          "nixpkgs"
        ]
      },
      "locked": {
        "lastModified": 1785172228,
        "narHash": "sha256-P/qTeB27WnZMWS57/X6svahES60jM0ojVsSbNrIYD4A=",
        "owner": "abduznik",
        "repo": "Freegosy",
        "rev": "b42e80b867596d0f0c86f6499b7e52500a69cb50",
        "type": "github"
      },
      "original": {
        "owner": "abduznik",
        "repo": "Freegosy",
        "type": "github"
      }
    },
    "import-tree": {
      "locked": {
        "lastModified": 1784254960,
        "narHash": "sha256-iI88R3wHz8wTKQb5orvpc51L/Xr64AJyxid/0MKa/b8=",
        "owner": "vic",
        "repo": "import-tree",
        "rev": "4ebb10ae17d5f1ad366e7aef5b92cb8eecf24f69",
        "type": "github"
      },
      "original": {
        "owner": "vic",
        "repo": "import-tree",
        "type": "github"
      }
    },
    "libnbtplusplus": {
      "flake": false,
      "locked": {
        "lastModified": 1772016279,
        "narHash": "sha256-7itkptyjoRcXfGLwg1/jxajetZ3a4mDc66+w4X6yW8s=",
        "owner": "PrismLauncher",
        "repo": "libnbtplusplus",
        "rev": "687e43031df0dc641984b4256bcca50d5b3f7de3",
        "type": "github"
      },
      "original": {
        "owner": "PrismLauncher",
        "repo": "libnbtplusplus",
        "type": "github"
      }
    },
    "nixpkgs": {
      "locked": {
        "lastModified": 1785090369,
        "narHash": "sha256-m0pDuRJG7EDo9ri+4Ksu83VsI+PlxNC9lNBfydejce4=",
        "owner": "NixOS",
        "repo": "nixpkgs",
        "rev": "624af665418d3c65d544145b4d34ad696439570e",
        "type": "github"
      },
      "original": {
        "owner": "NixOS",
        "ref": "nixos-unstable",
        "repo": "nixpkgs",
        "type": "github"
      }
    },
    "nixpkgs-lib": {
      "locked": {
        "lastModified": 1785031560,
        "narHash": "sha256-OmshNvn2vupOFpYinLUu+1Dnpu4n7Q5N3ggGVNHpkUI=",
        "owner": "nix-community",
        "repo": "nixpkgs.lib",
        "rev": "0e79af5e3d4dcfcd676ab5ba3f95d2e3352e078c",
        "type": "github"
      },
      "original": {
        "owner": "nix-community",
        "repo": "nixpkgs.lib",
        "type": "github"
      }
    },
    "nixpkgs_2": {
      "locked": {
        "lastModified": 1786719841,
        "narHash": "sha256-QcpQOT0NQEFkI77t+YXPZqDJc35iIodG7zinieOwFUg=",
        "owner": "NixOS",
        "repo": "nixpkgs",
        "rev": "8be7bd0c83f12e2e3bbba07c9044d6fed9e66f7f",
        "type": "github"
      },
      "original": {
        "owner": "NixOS",
        "ref": "nixpkgs-unstable",
        "repo": "nixpkgs",
        "type": "github"
      }
    },
    "root": {
      "inputs": {
        "amethyst-mod-manager": "amethyst-mod-manager",
        "fjordlauncher": "fjordlauncher",
        "flake-parts": "flake-parts",
        "freegosy": "freegosy",
        "import-tree": "import-tree",
        "nixpkgs": "nixpkgs",
        "wrapper-modules": "wrapper-modules",
        "zen-browser": "zen-browser"
      }
    },
    "wrapper-modules": {
      "inputs": {
        "nixpkgs": "nixpkgs_2"
      },
      "locked": {
        "lastModified": 1787579952,
        "narHash": "sha256-Dn6IPaLyltx8hBTyC4hgNWDb7T7WHRYUG6wWh6KBHXA=",
        "owner": "BirdeeHub",
        "repo": "nix-wrapper-modules",
        "rev": "b56e973dd2bd62244b44d6542fb52182bc3a3cda",
        "type": "github"
      },
      "original": {
        "owner": "BirdeeHub",
        "repo": "nix-wrapper-modules",
        "type": "github"
      }
    },
    "zen-browser": {
      "inputs": {
        "nixpkgs": [
          "nixpkgs"
        ]
      },
      "locked": {
        "lastModified": 1785047627,
        "narHash": "sha256-W32Jxn9mnGEjDc5c7sC5YfNLzrh3n9Srkg5JbC1YYdY=",
        "owner": "youwen5",
        "repo": "zen-browser-flake",
        "rev": "0d2fc291f34fce699b2a559f74189ecfe61e30e3",
        "type": "github"
      },
      "original": {
        "owner": "youwen5",
        "repo": "zen-browser-flake",
        "type": "github"
      }
    }
  },
  "root": "root",
  "version": 7
}
